<?xml version="1.0" encoding="UTF-8"?>
<Scheme
   version = "1.3">
   <BuildAction>
      <BuildActionEntries>
         <BuildActionEntry
            buildForRunning = "YES">
            <BuildableReference
               BuildableIdentifier = "primary"
               BlueprintIdentifier = "01FFDCA1253FA08B001244D1"
               BuildableName = "ChessAggregator.app"
               BlueprintName = "ChessAggregator"
               ReferencedContainer = "container:ChessAggregator.xcodeproj">
            </BuildableReference>
         </BuildActionEntry>
      </BuildActionEntries>
   </BuildAction>
   <LaunchAction
      useCustomWorkingDirectory = "NO"
      buildConfiguration = "Debug"
      allowLocationSimulation = "YES">
      <BuildableProductRunnable>
         <BuildableReference
            BuildableIdentifier = "primary"
            BlueprintIdentifier = "01FFDCA1253FA08B001244D1"
            BuildableName = "ChessAggregator.app"
            BlueprintName = "ChessAggregator"
            ReferencedContainer = "container:ChessAggregator.xcodeproj">
         </BuildableReference>
      </BuildableProductRunnable>
   </LaunchAction>
</Scheme>
